{
  "version": 4,
  "terraform_version": "1.2.9",
  "serial": 111,
  "lineage": "be2fad2f-0127-eb3b-d1b9-677cee6d3fd7",
  "outputs": {},
  "resources": [
    {
      "mode": "managed",
      "type": "aws_api_gateway_deployment",
      "name": "twilio_support_api_deployment",
      "provider": "provider[\"registry.terraform.io/hashicorp/aws\"]",
      "instances": [
        {
          "schema_version": 0,
          "attributes": {
            "created_date": "2022-10-11T14:47:09Z",
            "description": "",
            "execution_arn": "arn:aws:execute-api:eu-west-1:885653600906:boxm5hcpf0/",
            "id": "wqz8im",
            "invoke_url": "https://boxm5hcpf0.execute-api.eu-west-1.amazonaws.com/",
            "rest_api_id": "boxm5hcpf0",
            "stage_description": null,
            "stage_name": null,
            "triggers": {
              "redeployment": "0d28a2a5d85cc525ae1ab23467ad97983fdbd58a"
            },
            "variables": null
          },
          "sensitive_attributes": [],
          "private": "bnVsbA==",
          "dependencies": [
            "aws_api_gateway_integration.twilio_support_api_orders_method_integration",
            "aws_api_gateway_integration_response.twilio_support_api_integration_response_200",
            "aws_api_gateway_method.twilio_support_api_orders_method",
            "aws_api_gateway_method_response.response_200",
            "aws_api_gateway_resource.twilio_support_api_resource_orders",
            "aws_api_gateway_rest_api.twilio_support_api"
          ],
          "create_before_destroy": true
        }
      ]
    },
    {
      "mode": "managed",
      "type": "aws_api_gateway_integration",
      "name": "twilio_support_api_orders_method_integration",
      "provider": "provider[\"registry.terraform.io/hashicorp/aws\"]",
      "instances": [
        {
          "schema_version": 0,
          "attributes": {
            "cache_key_parameters": [],
            "cache_namespace": "x8wl4t",
            "connection_id": "qm466q",
            "connection_type": "VPC_LINK",
            "content_handling": "",
            "credentials": "",
            "http_method": "GET",
            "id": "agi-boxm5hcpf0-x8wl4t-GET",
            "integration_http_method": "GET",
            "passthrough_behavior": "WHEN_NO_MATCH",
            "request_parameters": {
              "integration.request.querystring.booking-date-end": "method.request.querystring.booking-date-end",
              "integration.request.querystring.booking-date-start": "method.request.querystring.booking-date-start",
              "integration.request.querystring.booking-time-end": "method.request.querystring.booking-time-end",
              "integration.request.querystring.booking-time-start": "method.request.querystring.booking-time-start",
              "integration.request.querystring.sort": "'start-date-time'"
            },
            "request_templates": {},
            "resource_id": "x8wl4t",
            "rest_api_id": "boxm5hcpf0",
            "timeout_milliseconds": 29000,
            "tls_config": [],
            "type": "HTTP",
            "uri": "http://default-qa2-nlb-a7741430e20780b5.elb.eu-west-1.amazonaws.com:3000/orders"
          },
          "sensitive_attributes": [],
          "private": "bnVsbA==",
          "dependencies": [
            "aws_api_gateway_method.twilio_support_api_orders_method",
            "aws_api_gateway_request_validator.twilio_support_api_validator",
            "aws_api_gateway_resource.twilio_support_api_resource_orders",
            "aws_api_gateway_resource.twilio_support_api_resource_vcs",
            "aws_api_gateway_rest_api.twilio_support_api"
          ],
          "create_before_destroy": true
        }
      ]
    },
    {
      "mode": "managed",
      "type": "aws_api_gateway_integration_response",
      "name": "twilio_support_api_integration_response_200",
      "provider": "provider[\"registry.terraform.io/hashicorp/aws\"]",
      "instances": [
        {
          "schema_version": 0,
          "attributes": {
            "content_handling": "",
            "http_method": "GET",
            "id": "agir-boxm5hcpf0-x8wl4t-GET-200",
            "resource_id": "x8wl4t",
            "response_parameters": {},
            "response_templates": {
              "application/json": "#set($orders = $input.path('$'))\n[\n#foreach($order in $orders)\n  {\n    \"id\": \"$order.id\",\n    \"firstname\": \"$order.customer.firstname\",\n    \"lastname\": \"$order.customer.lastname\",\n    \"telephone\": \"$order.customer.telephone\",\n    \"email\": \"$order.customer.email\",\n    \"start_date\": \"$order.items[0].booked_unit.start_date\",\n    \"start_time\": \"$order.items[0].booked_unit.start_time\",\n    \"group\": #if($order.extensions.group != \"\")\"$order.extensions.group\"#else\"unassigned\"#end\n\n  }#if($foreach.hasNext),#end\n#end\n]\n"
            },
            "rest_api_id": "boxm5hcpf0",
            "selection_pattern": "",
            "status_code": "200"
          },
          "sensitive_attributes": [],
          "private": "bnVsbA==",
          "dependencies": [
            "aws_api_gateway_method.twilio_support_api_orders_method",
            "aws_api_gateway_method_response.response_200",
            "aws_api_gateway_resource.twilio_support_api_resource_orders",
            "aws_api_gateway_rest_api.twilio_support_api"
          ],
          "create_before_destroy": true
        }
      ]
    },
    {
      "mode": "managed",
      "type": "aws_api_gateway_integration_response",
      "name": "twilio_support_api_integration_response_500",
      "provider": "provider[\"registry.terraform.io/hashicorp/aws\"]",
      "instances": [
        {
          "schema_version": 0,
          "attributes": {
            "content_handling": "",
            "http_method": "GET",
            "id": "agir-boxm5hcpf0-x8wl4t-GET-500",
            "resource_id": "x8wl4t",
            "response_parameters": {},
            "response_templates": {},
            "rest_api_id": "boxm5hcpf0",
            "selection_pattern": "500",
            "status_code": "500"
          },
          "sensitive_attributes": [],
          "private": "bnVsbA==",
          "dependencies": [
            "aws_api_gateway_method.twilio_support_api_orders_method",
            "aws_api_gateway_method_response.response_500",
            "aws_api_gateway_request_validator.twilio_support_api_validator",
            "aws_api_gateway_resource.twilio_support_api_resource_orders",
            "aws_api_gateway_resource.twilio_support_api_resource_vcs",
            "aws_api_gateway_rest_api.twilio_support_api"
          ]
        }
      ]
    },
    {
      "mode": "managed",
      "type": "aws_api_gateway_method",
      "name": "twilio_support_api_orders_method",
      "provider": "provider[\"registry.terraform.io/hashicorp/aws\"]",
      "instances": [
        {
          "schema_version": 0,
          "attributes": {
            "api_key_required": true,
            "authorization": "NONE",
            "authorization_scopes": [],
            "authorizer_id": "",
            "http_method": "GET",
            "id": "agm-boxm5hcpf0-x8wl4t-GET",
            "operation_name": "",
            "request_models": {},
            "request_parameters": {
              "method.request.querystring.booking-date-end": true,
              "method.request.querystring.booking-date-start": true,
              "method.request.querystring.booking-time-end": true,
              "method.request.querystring.booking-time-start": true
            },
            "request_validator_id": "8utw5i",
            "resource_id": "x8wl4t",
            "rest_api_id": "boxm5hcpf0"
          },
          "sensitive_attributes": [],
          "private": "bnVsbA==",
          "dependencies": [
            "aws_api_gateway_request_validator.twilio_support_api_validator",
            "aws_api_gateway_resource.twilio_support_api_resource_orders",
            "aws_api_gateway_resource.twilio_support_api_resource_vcs",
            "aws_api_gateway_rest_api.twilio_support_api"
          ],
          "create_before_destroy": true
        }
      ]
    },
    {
      "mode": "managed",
      "type": "aws_api_gateway_method_response",
      "name": "response_200",
      "provider": "provider[\"registry.terraform.io/hashicorp/aws\"]",
      "instances": [
        {
          "schema_version": 0,
          "attributes": {
            "http_method": "GET",
            "id": "agmr-boxm5hcpf0-x8wl4t-GET-200",
            "resource_id": "x8wl4t",
            "response_models": {},
            "response_parameters": {},
            "rest_api_id": "boxm5hcpf0",
            "status_code": "200"
          },
          "sensitive_attributes": [],
          "private": "bnVsbA==",
          "dependencies": [
            "aws_api_gateway_method.twilio_support_api_orders_method",
            "aws_api_gateway_request_validator.twilio_support_api_validator",
            "aws_api_gateway_resource.twilio_support_api_resource_orders",
            "aws_api_gateway_resource.twilio_support_api_resource_vcs",
            "aws_api_gateway_rest_api.twilio_support_api"
          ],
          "create_before_destroy": true
        }
      ]
    },
    {
      "mode": "managed",
      "type": "aws_api_gateway_method_response",
      "name": "response_500",
      "provider": "provider[\"registry.terraform.io/hashicorp/aws\"]",
      "instances": [
        {
          "schema_version": 0,
          "attributes": {
            "http_method": "GET",
            "id": "agmr-boxm5hcpf0-x8wl4t-GET-500",
            "resource_id": "x8wl4t",
            "response_models": {},
            "response_parameters": {},
            "rest_api_id": "boxm5hcpf0",
            "status_code": "500"
          },
          "sensitive_attributes": [],
          "private": "bnVsbA==",
          "dependencies": [
            "aws_api_gateway_method.twilio_support_api_orders_method",
            "aws_api_gateway_request_validator.twilio_support_api_validator",
            "aws_api_gateway_resource.twilio_support_api_resource_orders",
            "aws_api_gateway_resource.twilio_support_api_resource_vcs",
            "aws_api_gateway_rest_api.twilio_support_api"
          ]
        }
      ]
    },
    {
      "mode": "managed",
      "type": "aws_api_gateway_request_validator",
      "name": "twilio_support_api_validator",
      "provider": "provider[\"registry.terraform.io/hashicorp/aws\"]",
      "instances": [
        {
          "schema_version": 0,
          "attributes": {
            "id": "8utw5i",
            "name": "Validator",
            "rest_api_id": "boxm5hcpf0",
            "validate_request_body": false,
            "validate_request_parameters": true
          },
          "sensitive_attributes": [],
          "private": "bnVsbA==",
          "dependencies": [
            "aws_api_gateway_rest_api.twilio_support_api"
          ],
          "create_before_destroy": true
        }
      ]
    },
    {
      "mode": "managed",
      "type": "aws_api_gateway_resource",
      "name": "twilio_support_api_resource_orders",
      "provider": "provider[\"registry.terraform.io/hashicorp/aws\"]",
      "instances": [
        {
          "schema_version": 0,
          "attributes": {
            "id": "x8wl4t",
            "parent_id": "mjb3mf",
            "path": "/vcs/orders",
            "path_part": "orders",
            "rest_api_id": "boxm5hcpf0"
          },
          "sensitive_attributes": [],
          "private": "bnVsbA==",
          "dependencies": [
            "aws_api_gateway_resource.twilio_support_api_resource_vcs",
            "aws_api_gateway_rest_api.twilio_support_api"
          ],
          "create_before_destroy": true
        }
      ]
    },
    {
      "mode": "managed",
      "type": "aws_api_gateway_resource",
      "name": "twilio_support_api_resource_vcs",
      "provider": "provider[\"registry.terraform.io/hashicorp/aws\"]",
      "instances": [
        {
          "schema_version": 0,
          "attributes": {
            "id": "mjb3mf",
            "parent_id": "9rtyh0hq8j",
            "path": "/vcs",
            "path_part": "vcs",
            "rest_api_id": "boxm5hcpf0"
          },
          "sensitive_attributes": [],
          "private": "bnVsbA==",
          "dependencies": [
            "aws_api_gateway_rest_api.twilio_support_api"
          ],
          "create_before_destroy": true
        }
      ]
    },
    {
      "mode": "managed",
      "type": "aws_api_gateway_rest_api",
      "name": "twilio_support_api",
      "provider": "provider[\"registry.terraform.io/hashicorp/aws\"]",
      "instances": [
        {
          "schema_version": 0,
          "attributes": {
            "api_key_source": "HEADER",
            "arn": "arn:aws:apigateway:eu-west-1::/restapis/boxm5hcpf0",
            "binary_media_types": [],
            "body": null,
            "created_date": "2022-10-11T13:53:24Z",
            "description": "Supports the Lapland Visitor Communication System.",
            "disable_execute_api_endpoint": false,
            "endpoint_configuration": [
              {
                "types": [
                  "EDGE"
                ],
                "vpc_endpoint_ids": []
              }
            ],
            "execution_arn": "arn:aws:execute-api:eu-west-1:885653600906:boxm5hcpf0",
            "id": "boxm5hcpf0",
            "minimum_compression_size": -1,
            "name": "Lapland Twilio Support API",
            "parameters": null,
            "policy": "",
            "put_rest_api_mode": null,
            "root_resource_id": "9rtyh0hq8j",
            "tags": {},
            "tags_all": {}
          },
          "sensitive_attributes": [],
          "private": "bnVsbA==",
          "create_before_destroy": true
        }
      ]
    },
    {
      "mode": "managed",
      "type": "aws_api_gateway_stage",
      "name": "twilio_support_api_stage",
      "provider": "provider[\"registry.terraform.io/hashicorp/aws\"]",
      "instances": [
        {
          "schema_version": 0,
          "attributes": {
            "access_log_settings": [],
            "arn": "arn:aws:apigateway:eu-west-1::/restapis/boxm5hcpf0/stages/v1",
            "cache_cluster_enabled": false,
            "cache_cluster_size": "",
            "canary_settings": [],
            "client_certificate_id": "",
            "deployment_id": "wqz8im",
            "description": "",
            "documentation_version": "",
            "execution_arn": "arn:aws:execute-api:eu-west-1:885653600906:boxm5hcpf0/v1",
            "id": "ags-boxm5hcpf0-v1",
            "invoke_url": "https://boxm5hcpf0.execute-api.eu-west-1.amazonaws.com/v1",
            "rest_api_id": "boxm5hcpf0",
            "stage_name": "v1",
            "tags": {},
            "tags_all": {},
            "variables": {},
            "web_acl_arn": "",
            "xray_tracing_enabled": false
          },
          "sensitive_attributes": [],
          "private": "bnVsbA==",
          "dependencies": [
            "aws_api_gateway_deployment.twilio_support_api_deployment",
            "aws_api_gateway_integration.twilio_support_api_orders_method_integration",
            "aws_api_gateway_integration_response.twilio_support_api_integration_response_200",
            "aws_api_gateway_method.twilio_support_api_orders_method",
            "aws_api_gateway_method_response.response_200",
            "aws_api_gateway_resource.twilio_support_api_resource_orders",
            "aws_api_gateway_rest_api.twilio_support_api"
          ]
        }
      ]
    },
    {
      "mode": "managed",
      "type": "aws_api_gateway_usage_plan",
      "name": "twilio_support_api_usage_plan",
      "provider": "provider[\"registry.terraform.io/hashicorp/aws\"]",
      "instances": [
        {
          "schema_version": 0,
          "attributes": {
            "api_stages": [
              {
                "api_id": "boxm5hcpf0",
                "stage": "v1",
                "throttle": []
              }
            ],
            "arn": "arn:aws:apigateway:eu-west-1::/usageplans/d6q1u0",
            "description": "",
            "id": "d6q1u0",
            "name": "Lapland Twilio Support API Usage Plan",
            "product_code": "",
            "quota_settings": [
              {
                "limit": 1000,
                "offset": 0,
                "period": "DAY"
              }
            ],
            "tags": {},
            "tags_all": {},
            "throttle_settings": [
              {
                "burst_limit": 200,
                "rate_limit": 100
              }
            ]
          },
          "sensitive_attributes": [],
          "private": "bnVsbA==",
          "dependencies": [
            "aws_api_gateway_deployment.twilio_support_api_deployment",
            "aws_api_gateway_integration.twilio_support_api_orders_method_integration",
            "aws_api_gateway_integration_response.twilio_support_api_integration_response_200",
            "aws_api_gateway_method.twilio_support_api_orders_method",
            "aws_api_gateway_method_response.response_200",
            "aws_api_gateway_request_validator.twilio_support_api_validator",
            "aws_api_gateway_resource.twilio_support_api_resource_orders",
            "aws_api_gateway_resource.twilio_support_api_resource_vcs",
            "aws_api_gateway_rest_api.twilio_support_api",
            "aws_api_gateway_stage.twilio_support_api_stage"
          ]
        }
      ]
    }
  ]
}
