{
  "version": 4,
  "terraform_version": "1.2.9",
  "serial": 32,
  "lineage": "47e3e6a4-468d-a8e7-45f3-fd85b1136197",
  "outputs": {},
  "resources": [
    {
      "mode": "managed",
      "type": "aws_apigatewayv2_api",
      "name": "print_manager_api",
      "provider": "provider[\"registry.terraform.io/hashicorp/aws\"]",
      "instances": [
        {
          "schema_version": 0,
          "attributes": {
            "api_endpoint": "wss://cjsde96qrh.execute-api.eu-west-1.amazonaws.com",
            "api_key_selection_expression": "$request.header.x-api-key",
            "arn": "arn:aws:apigateway:eu-west-1::/apis/cjsde96qrh",
            "body": null,
            "cors_configuration": [],
            "credentials_arn": null,
            "description": "",
            "disable_execute_api_endpoint": false,
            "execution_arn": "arn:aws:execute-api:eu-west-1:885653600906:cjsde96qrh",
            "fail_on_warnings": null,
            "id": "cjsde96qrh",
            "name": "lapland-test-Print-Manager-Connection-API",
            "protocol_type": "WEBSOCKET",
            "route_key": null,
            "route_selection_expression": "$request.body.action",
            "tags": {},
            "tags_all": {},
            "target": null,
            "version": ""
          },
          "sensitive_attributes": [],
          "private": "bnVsbA==",
          "create_before_destroy": true
        }
      ]
    },
    {
      "mode": "managed",
      "type": "aws_apigatewayv2_deployment",
      "name": "print_manager_api_deployment",
      "provider": "provider[\"registry.terraform.io/hashicorp/aws\"]",
      "instances": [
        {
          "schema_version": 0,
          "attributes": {
            "api_id": "cjsde96qrh",
            "auto_deployed": false,
            "description": "",
            "id": "pknc3a",
            "triggers": {
              "redeployment": "b08fbe754d8a18a1d18a85070fbee93c5b8d6426"
            }
          },
          "sensitive_attributes": [],
          "private": "bnVsbA==",
          "dependencies": [
            "aws_apigatewayv2_api.print_manager_api",
            "aws_apigatewayv2_integration.print_manager_integration",
            "aws_apigatewayv2_route.print_queue_connect_route",
            "aws_apigatewayv2_route.print_queue_default_route",
            "aws_apigatewayv2_route.print_queue_disconnect_route",
            "aws_apigatewayv2_stage.print_manager_api_stage",
            "aws_dynamodb_table.print_manager_table",
            "aws_iam_role.print_manager_lambda_role",
            "aws_lambda_function.print_handler"
          ],
          "create_before_destroy": true
        }
      ]
    },
    {
      "mode": "managed",
      "type": "aws_apigatewayv2_integration",
      "name": "print_manager_integration",
      "provider": "provider[\"registry.terraform.io/hashicorp/aws\"]",
      "instances": [
        {
          "schema_version": 0,
          "attributes": {
            "api_id": "cjsde96qrh",
            "connection_id": "",
            "connection_type": "INTERNET",
            "content_handling_strategy": "CONVERT_TO_TEXT",
            "credentials_arn": "",
            "description": "",
            "id": "mwzetm3",
            "integration_method": "POST",
            "integration_response_selection_expression": "",
            "integration_subtype": "",
            "integration_type": "AWS_PROXY",
            "integration_uri": "arn:aws:apigateway:eu-west-1:lambda:path/2015-03-31/functions/arn:aws:lambda:eu-west-1:885653600906:function:lapland-test-printHandler/invocations",
            "passthrough_behavior": "WHEN_NO_MATCH",
            "payload_format_version": "1.0",
            "request_parameters": {},
            "request_templates": {},
            "response_parameters": [],
            "template_selection_expression": "",
            "timeout_milliseconds": 29000,
            "tls_config": []
          },
          "sensitive_attributes": [],
          "private": "bnVsbA==",
          "dependencies": [
            "aws_apigatewayv2_api.print_manager_api",
            "aws_apigatewayv2_stage.print_manager_api_stage",
            "aws_dynamodb_table.print_manager_table",
            "aws_iam_role.print_manager_lambda_role",
            "aws_lambda_function.print_handler"
          ],
          "create_before_destroy": true
        }
      ]
    },
    {
      "mode": "managed",
      "type": "aws_apigatewayv2_route",
      "name": "print_queue_connect_route",
      "provider": "provider[\"registry.terraform.io/hashicorp/aws\"]",
      "instances": [
        {
          "schema_version": 0,
          "attributes": {
            "api_id": "cjsde96qrh",
            "api_key_required": false,
            "authorization_scopes": [],
            "authorization_type": "NONE",
            "authorizer_id": "",
            "id": "n135kpp",
            "model_selection_expression": "",
            "operation_name": "",
            "request_models": {},
            "request_parameter": [],
            "route_key": "$connect",
            "route_response_selection_expression": "",
            "target": "integrations/mwzetm3"
          },
          "sensitive_attributes": [],
          "private": "bnVsbA==",
          "dependencies": [
            "aws_apigatewayv2_api.print_manager_api",
            "aws_apigatewayv2_integration.print_manager_integration",
            "aws_apigatewayv2_stage.print_manager_api_stage",
            "aws_dynamodb_table.print_manager_table",
            "aws_iam_role.print_manager_lambda_role",
            "aws_lambda_function.print_handler"
          ],
          "create_before_destroy": true
        }
      ]
    },
    {
      "mode": "managed",
      "type": "aws_apigatewayv2_route",
      "name": "print_queue_default_route",
      "provider": "provider[\"registry.terraform.io/hashicorp/aws\"]",
      "instances": [
        {
          "schema_version": 0,
          "attributes": {
            "api_id": "cjsde96qrh",
            "api_key_required": false,
            "authorization_scopes": [],
            "authorization_type": "NONE",
            "authorizer_id": "",
            "id": "91qfha1",
            "model_selection_expression": "",
            "operation_name": "",
            "request_models": {},
            "request_parameter": [],
            "route_key": "$default",
            "route_response_selection_expression": "",
            "target": "integrations/mwzetm3"
          },
          "sensitive_attributes": [],
          "private": "bnVsbA==",
          "dependencies": [
            "aws_apigatewayv2_api.print_manager_api",
            "aws_apigatewayv2_integration.print_manager_integration",
            "aws_apigatewayv2_stage.print_manager_api_stage",
            "aws_dynamodb_table.print_manager_table",
            "aws_iam_role.print_manager_lambda_role",
            "aws_lambda_function.print_handler"
          ],
          "create_before_destroy": true
        }
      ]
    },
    {
      "mode": "managed",
      "type": "aws_apigatewayv2_route",
      "name": "print_queue_disconnect_route",
      "provider": "provider[\"registry.terraform.io/hashicorp/aws\"]",
      "instances": [
        {
          "schema_version": 0,
          "attributes": {
            "api_id": "cjsde96qrh",
            "api_key_required": false,
            "authorization_scopes": [],
            "authorization_type": "NONE",
            "authorizer_id": "",
            "id": "brzhf6j",
            "model_selection_expression": "",
            "operation_name": "",
            "request_models": {},
            "request_parameter": [],
            "route_key": "$disconnect",
            "route_response_selection_expression": "",
            "target": "integrations/mwzetm3"
          },
          "sensitive_attributes": [],
          "private": "bnVsbA==",
          "dependencies": [
            "aws_apigatewayv2_api.print_manager_api",
            "aws_apigatewayv2_integration.print_manager_integration",
            "aws_apigatewayv2_stage.print_manager_api_stage",
            "aws_dynamodb_table.print_manager_table",
            "aws_iam_role.print_manager_lambda_role",
            "aws_lambda_function.print_handler"
          ],
          "create_before_destroy": true
        }
      ]
    },
    {
      "mode": "managed",
      "type": "aws_apigatewayv2_stage",
      "name": "print_manager_api_stage",
      "provider": "provider[\"registry.terraform.io/hashicorp/aws\"]",
      "instances": [
        {
          "schema_version": 0,
          "attributes": {
            "access_log_settings": [],
            "api_id": "cjsde96qrh",
            "arn": "arn:aws:apigateway:eu-west-1::/apis/cjsde96qrh/stages/v1",
            "auto_deploy": false,
            "client_certificate_id": "",
            "default_route_settings": [
              {
                "data_trace_enabled": false,
                "detailed_metrics_enabled": false,
                "logging_level": "OFF",
                "throttling_burst_limit": 0,
                "throttling_rate_limit": 0
              }
            ],
            "deployment_id": "a86k4j",
            "description": "",
            "execution_arn": "arn:aws:execute-api:eu-west-1:885653600906:cjsde96qrh/v1",
            "id": "v1",
            "invoke_url": "wss://cjsde96qrh.execute-api.eu-west-1.amazonaws.com/v1",
            "name": "v1",
            "route_settings": [],
            "stage_variables": {},
            "tags": {},
            "tags_all": {}
          },
          "sensitive_attributes": [],
          "private": "bnVsbA==",
          "dependencies": [
            "aws_apigatewayv2_api.print_manager_api"
          ],
          "create_before_destroy": true
        }
      ]
    },
    {
      "mode": "managed",
      "type": "aws_dynamodb_table",
      "name": "print_manager_table",
      "provider": "provider[\"registry.terraform.io/hashicorp/aws\"]",
      "instances": [
        {
          "schema_version": 1,
          "attributes": {
            "arn": "arn:aws:dynamodb:eu-west-1:885653600906:table/lapland-test-PrintManagerConnections",
            "attribute": [
              {
                "name": "connectionId",
                "type": "S"
              }
            ],
            "billing_mode": "PAY_PER_REQUEST",
            "global_secondary_index": [],
            "hash_key": "connectionId",
            "id": "lapland-test-PrintManagerConnections",
            "local_secondary_index": [],
            "name": "lapland-test-PrintManagerConnections",
            "point_in_time_recovery": [
              {
                "enabled": false
              }
            ],
            "range_key": null,
            "read_capacity": 0,
            "replica": [],
            "restore_date_time": null,
            "restore_source_name": null,
            "restore_to_latest_time": null,
            "server_side_encryption": [],
            "stream_arn": "",
            "stream_enabled": false,
            "stream_label": "",
            "stream_view_type": "",
            "table_class": "",
            "tags": {},
            "tags_all": {},
            "timeouts": null,
            "ttl": [
              {
                "attribute_name": "",
                "enabled": false
              }
            ],
            "write_capacity": 0
          },
          "sensitive_attributes": [],
          "private": "eyJlMmJmYjczMC1lY2FhLTExZTYtOGY4OC0zNDM2M2JjN2M0YzAiOnsiY3JlYXRlIjoxODAwMDAwMDAwMDAwLCJkZWxldGUiOjYwMDAwMDAwMDAwMCwidXBkYXRlIjozNjAwMDAwMDAwMDAwfSwic2NoZW1hX3ZlcnNpb24iOiIxIn0=",
          "create_before_destroy": true
        }
      ]
    },
    {
      "mode": "managed",
      "type": "aws_iam_policy",
      "name": "print_manager_lambda_policy",
      "provider": "provider[\"registry.terraform.io/hashicorp/aws\"]",
      "instances": [
        {
          "schema_version": 0,
          "attributes": {
            "arn": "arn:aws:iam::885653600906:policy/lapland-test-print_manager_lambda_policy",
            "description": "",
            "id": "arn:aws:iam::885653600906:policy/lapland-test-print_manager_lambda_policy",
            "name": "lapland-test-print_manager_lambda_policy",
            "name_prefix": null,
            "path": "/",
            "policy": "{\"Statement\":[{\"Action\":[\"dynamodb:PutItem\",\"dynamodb:DeleteItem\",\"dynamodb:Scan\"],\"Effect\":\"Allow\",\"Resource\":\"arn:aws:dynamodb:eu-west-1:885653600906:table/lapland-test-PrintManagerConnections\",\"Sid\":\"\"},{\"Action\":\"execute-api:*\",\"Effect\":\"Allow\",\"Resource\":\"arn:aws:execute-api:eu-west-1:885653600906:cjsde96qrh/v1/*/*\",\"Sid\":\"\"}],\"Version\":\"2012-10-17\"}",
            "policy_id": "ANPA44NIRPKFJBOUAP2HO",
            "tags": {},
            "tags_all": {}
          },
          "sensitive_attributes": [],
          "private": "bnVsbA==",
          "dependencies": [
            "aws_apigatewayv2_api.print_manager_api",
            "aws_apigatewayv2_stage.print_manager_api_stage",
            "aws_dynamodb_table.print_manager_table"
          ]
        }
      ]
    },
    {
      "mode": "managed",
      "type": "aws_iam_role",
      "name": "print_manager_lambda_role",
      "provider": "provider[\"registry.terraform.io/hashicorp/aws\"]",
      "instances": [
        {
          "schema_version": 0,
          "attributes": {
            "arn": "arn:aws:iam::885653600906:role/lapland-test-print_manager_lambda_role",
            "assume_role_policy": "{\"Statement\":[{\"Action\":\"sts:AssumeRole\",\"Effect\":\"Allow\",\"Principal\":{\"Service\":\"lambda.amazonaws.com\"},\"Sid\":\"\"}],\"Version\":\"2012-10-17\"}",
            "create_date": "2022-10-11T19:39:26Z",
            "description": "",
            "force_detach_policies": false,
            "id": "lapland-test-print_manager_lambda_role",
            "inline_policy": [],
            "managed_policy_arns": [
              "arn:aws:iam::885653600906:policy/lapland-test-print_manager_lambda_policy",
              "arn:aws:iam::aws:policy/service-role/AWSLambdaBasicExecutionRole"
            ],
            "max_session_duration": 3600,
            "name": "lapland-test-print_manager_lambda_role",
            "name_prefix": "",
            "path": "/",
            "permissions_boundary": null,
            "tags": {},
            "tags_all": {},
            "unique_id": "AROA44NIRPKFKIZXZUQPW"
          },
          "sensitive_attributes": [],
          "private": "bnVsbA==",
          "create_before_destroy": true
        }
      ]
    },
    {
      "mode": "managed",
      "type": "aws_iam_role_policy_attachment",
      "name": "print_manager_lambda_policy_attachment",
      "provider": "provider[\"registry.terraform.io/hashicorp/aws\"]",
      "instances": [
        {
          "schema_version": 0,
          "attributes": {
            "id": "lapland-test-print_manager_lambda_role-20221011194512875700000001",
            "policy_arn": "arn:aws:iam::885653600906:policy/lapland-test-print_manager_lambda_policy",
            "role": "lapland-test-print_manager_lambda_role"
          },
          "sensitive_attributes": [],
          "private": "bnVsbA==",
          "dependencies": [
            "aws_apigatewayv2_api.print_manager_api",
            "aws_apigatewayv2_stage.print_manager_api_stage",
            "aws_dynamodb_table.print_manager_table",
            "aws_iam_policy.print_manager_lambda_policy",
            "aws_iam_role.print_manager_lambda_role"
          ]
        }
      ]
    },
    {
      "mode": "managed",
      "type": "aws_iam_role_policy_attachment",
      "name": "print_manager_lambda_policy_attachment_basic",
      "provider": "provider[\"registry.terraform.io/hashicorp/aws\"]",
      "instances": [
        {
          "schema_version": 0,
          "attributes": {
            "id": "lapland-test-print_manager_lambda_role-20221011195625138600000001",
            "policy_arn": "arn:aws:iam::aws:policy/service-role/AWSLambdaBasicExecutionRole",
            "role": "lapland-test-print_manager_lambda_role"
          },
          "sensitive_attributes": [],
          "private": "bnVsbA==",
          "dependencies": [
            "aws_iam_role.print_manager_lambda_role"
          ]
        }
      ]
    },
    {
      "mode": "managed",
      "type": "aws_lambda_function",
      "name": "print_handler",
      "provider": "provider[\"registry.terraform.io/hashicorp/aws\"]",
      "instances": [
        {
          "schema_version": 0,
          "attributes": {
            "architectures": [
              "x86_64"
            ],
            "arn": "arn:aws:lambda:eu-west-1:885653600906:function:lapland-test-printHandler",
            "code_signing_config_arn": "",
            "dead_letter_config": [],
            "description": "",
            "environment": [
              {
                "variables": {
                  "API_GATEWAY_URL": "wss://cjsde96qrh.execute-api.eu-west-1.amazonaws.com/v1",
                  "CONNECTIONS_TABLE": "lapland-test-PrintManagerConnections"
                }
              }
            ],
            "ephemeral_storage": [
              {
                "size": 512
              }
            ],
            "file_system_config": [],
            "filename": "lambda.zip",
            "function_name": "lapland-test-printHandler",
            "handler": "index.handler",
            "id": "lapland-test-printHandler",
            "image_config": [],
            "image_uri": "",
            "invoke_arn": "arn:aws:apigateway:eu-west-1:lambda:path/2015-03-31/functions/arn:aws:lambda:eu-west-1:885653600906:function:lapland-test-printHandler/invocations",
            "kms_key_arn": "",
            "last_modified": "2022-10-11T20:19:04.950+0000",
            "layers": [],
            "memory_size": 128,
            "package_type": "Zip",
            "publish": false,
            "qualified_arn": "arn:aws:lambda:eu-west-1:885653600906:function:lapland-test-printHandler:$LATEST",
            "qualified_invoke_arn": "arn:aws:apigateway:eu-west-1:lambda:path/2015-03-31/functions/arn:aws:lambda:eu-west-1:885653600906:function:lapland-test-printHandler:$LATEST/invocations",
            "reserved_concurrent_executions": -1,
            "role": "arn:aws:iam::885653600906:role/lapland-test-print_manager_lambda_role",
            "runtime": "nodejs14.x",
            "s3_bucket": null,
            "s3_key": null,
            "s3_object_version": null,
            "signing_job_arn": "",
            "signing_profile_version_arn": "",
            "source_code_hash": "IPNoadXW61Ogg3MAPYhMZv9DUvzhdLsyAt0mK1XotKs=",
            "source_code_size": 1616,
            "tags": {},
            "tags_all": {},
            "timeout": 3,
            "timeouts": null,
            "tracing_config": [
              {
                "mode": "PassThrough"
              }
            ],
            "version": "$LATEST",
            "vpc_config": []
          },
          "sensitive_attributes": [],
          "private": "eyJlMmJmYjczMC1lY2FhLTExZTYtOGY4OC0zNDM2M2JjN2M0YzAiOnsiY3JlYXRlIjo2MDAwMDAwMDAwMDB9fQ==",
          "dependencies": [
            "aws_apigatewayv2_api.print_manager_api",
            "aws_apigatewayv2_stage.print_manager_api_stage",
            "aws_dynamodb_table.print_manager_table",
            "aws_iam_role.print_manager_lambda_role"
          ],
          "create_before_destroy": true
        }
      ]
    },
    {
      "mode": "managed",
      "type": "aws_lambda_permission",
      "name": "print_manager_lambda_permission",
      "provider": "provider[\"registry.terraform.io/hashicorp/aws\"]",
      "instances": [
        {
          "schema_version": 0,
          "attributes": {
            "action": "lambda:InvokeFunction",
            "event_source_token": null,
            "function_name": "lapland-test-printHandler",
            "function_url_auth_type": null,
            "id": "AllowPrintManagerAPIInvoke",
            "principal": "apigateway.amazonaws.com",
            "principal_org_id": null,
            "qualifier": "",
            "source_account": null,
            "source_arn": "arn:aws:execute-api:eu-west-1:885653600906:cjsde96qrh/*/*",
            "statement_id": "AllowPrintManagerAPIInvoke",
            "statement_id_prefix": ""
          },
          "sensitive_attributes": [],
          "private": "bnVsbA==",
          "dependencies": [
            "aws_apigatewayv2_api.print_manager_api",
            "aws_apigatewayv2_stage.print_manager_api_stage",
            "aws_dynamodb_table.print_manager_table",
            "aws_iam_role.print_manager_lambda_role",
            "aws_lambda_function.print_handler"
          ]
        }
      ]
    }
  ]
}
