{
  "version": 4,
  "terraform_version": "1.3.2",
  "serial": 14,
  "lineage": "b155f4a6-9da9-51fb-d3a3-92d15f3fc09d",
  "outputs": {},
  "resources": [
    {
      "mode": "managed",
      "type": "aws_api_gateway_deployment",
      "name": "twilio_support_api_deployment",
      "provider": "provider[\"registry.terraform.io/hashicorp/aws\"]",
      "instances": [
        {
          "schema_version": 0,
          "attributes": {
            "created_date": "2022-10-17T12:57:56Z",
            "description": "",
            "execution_arn": "arn:aws:execute-api:eu-west-1:870581623830:1wmzb0hzh1/",
            "id": "z306ln",
            "invoke_url": "https://1wmzb0hzh1.execute-api.eu-west-1.amazonaws.com/",
            "rest_api_id": "1wmzb0hzh1",
            "stage_description": null,
            "stage_name": null,
            "triggers": {
              "redeployment": "e827202c82bb5dc41c15004b2573e33f36994995"
            },
            "variables": null
          },
          "sensitive_attributes": [],
          "private": "bnVsbA==",
          "dependencies": [
            "aws_api_gateway_integration.twilio_support_api_orders_method_integration",
            "aws_api_gateway_integration_response.twilio_support_api_integration_response_200",
            "aws_api_gateway_method.twilio_support_api_orders_method",
            "aws_api_gateway_method_response.response_200",
            "aws_api_gateway_request_validator.twilio_support_api_validator",
            "aws_api_gateway_resource.twilio_support_api_resource_orders",
            "aws_api_gateway_resource.twilio_support_api_resource_vcs",
            "aws_api_gateway_rest_api.twilio_support_api"
          ],
          "create_before_destroy": true
        }
      ]
    },
    {
      "mode": "managed",
      "type": "aws_api_gateway_integration",
      "name": "twilio_support_api_orders_method_integration",
      "provider": "provider[\"registry.terraform.io/hashicorp/aws\"]",
      "instances": [
        {
          "schema_version": 0,
          "attributes": {
            "cache_key_parameters": null,
            "cache_namespace": "qfgeqm",
            "connection_id": "chh1k1",
            "connection_type": "VPC_LINK",
            "content_handling": "",
            "credentials": "",
            "http_method": "GET",
            "id": "agi-1wmzb0hzh1-qfgeqm-GET",
            "integration_http_method": "GET",
            "passthrough_behavior": "WHEN_NO_MATCH",
            "request_parameters": {
              "integration.request.querystring.booking-date-end": "method.request.querystring.booking-date-end",
              "integration.request.querystring.booking-date-start": "method.request.querystring.booking-date-start",
              "integration.request.querystring.booking-time-end": "method.request.querystring.booking-time-end",
              "integration.request.querystring.booking-time-start": "method.request.querystring.booking-time-start",
              "integration.request.querystring.sort": "'start-date-time'"
            },
            "request_templates": null,
            "resource_id": "qfgeqm",
            "rest_api_id": "1wmzb0hzh1",
            "timeout_milliseconds": 29000,
            "tls_config": [],
            "type": "HTTP",
            "uri": "http://lapland-prod-nlb-a0ae72c3524b8363.elb.eu-west-1.amazonaws.com:3000/orders"
          },
          "sensitive_attributes": [],
          "private": "bnVsbA==",
          "dependencies": [
            "aws_api_gateway_method.twilio_support_api_orders_method",
            "aws_api_gateway_request_validator.twilio_support_api_validator",
            "aws_api_gateway_resource.twilio_support_api_resource_orders",
            "aws_api_gateway_resource.twilio_support_api_resource_vcs",
            "aws_api_gateway_rest_api.twilio_support_api"
          ],
          "create_before_destroy": true
        }
      ]
    },
    {
      "mode": "managed",
      "type": "aws_api_gateway_integration_response",
      "name": "twilio_support_api_integration_response_200",
      "provider": "provider[\"registry.terraform.io/hashicorp/aws\"]",
      "instances": [
        {
          "schema_version": 0,
          "attributes": {
            "content_handling": "",
            "http_method": "GET",
            "id": "agir-1wmzb0hzh1-qfgeqm-GET-200",
            "resource_id": "qfgeqm",
            "response_parameters": null,
            "response_templates": {
              "application/json": "#set($orders = $input.path('$'))\n[\n#foreach($order in $orders)\n  {\n    \"id\": \"$order.id\",\n    \"firstname\": \"$order.customer.firstname\",\n    \"lastname\": \"$order.customer.lastname\",\n    \"telephone\": \"$order.customer.telephone\",\n    \"email\": \"$order.customer.email\",\n    \"start_date\": \"$order.items[0].booked_unit.start_date\",\n    \"start_time\": \"$order.items[0].booked_unit.start_time\",\n    \"group\": #if($order.extensions.group != \"\")\"$order.extensions.group\"#else\"unassigned\"#end\n\n  }#if($foreach.hasNext),#end\n#end\n]\n"
            },
            "rest_api_id": "1wmzb0hzh1",
            "selection_pattern": "",
            "status_code": "200"
          },
          "sensitive_attributes": [],
          "private": "bnVsbA==",
          "dependencies": [
            "aws_api_gateway_method.twilio_support_api_orders_method",
            "aws_api_gateway_method_response.response_200",
            "aws_api_gateway_request_validator.twilio_support_api_validator",
            "aws_api_gateway_resource.twilio_support_api_resource_orders",
            "aws_api_gateway_resource.twilio_support_api_resource_vcs",
            "aws_api_gateway_rest_api.twilio_support_api"
          ],
          "create_before_destroy": true
        }
      ]
    },
    {
      "mode": "managed",
      "type": "aws_api_gateway_integration_response",
      "name": "twilio_support_api_integration_response_500",
      "provider": "provider[\"registry.terraform.io/hashicorp/aws\"]",
      "instances": [
        {
          "schema_version": 0,
          "attributes": {
            "content_handling": "",
            "http_method": "GET",
            "id": "agir-1wmzb0hzh1-qfgeqm-GET-500",
            "resource_id": "qfgeqm",
            "response_parameters": null,
            "response_templates": null,
            "rest_api_id": "1wmzb0hzh1",
            "selection_pattern": "500",
            "status_code": "500"
          },
          "sensitive_attributes": [],
          "private": "bnVsbA==",
          "dependencies": [
            "aws_api_gateway_method.twilio_support_api_orders_method",
            "aws_api_gateway_method_response.response_500",
            "aws_api_gateway_request_validator.twilio_support_api_validator",
            "aws_api_gateway_resource.twilio_support_api_resource_orders",
            "aws_api_gateway_resource.twilio_support_api_resource_vcs",
            "aws_api_gateway_rest_api.twilio_support_api"
          ]
        }
      ]
    },
    {
      "mode": "managed",
      "type": "aws_api_gateway_method",
      "name": "twilio_support_api_orders_method",
      "provider": "provider[\"registry.terraform.io/hashicorp/aws\"]",
      "instances": [
        {
          "schema_version": 0,
          "attributes": {
            "api_key_required": true,
            "authorization": "NONE",
            "authorization_scopes": null,
            "authorizer_id": null,
            "http_method": "GET",
            "id": "agm-1wmzb0hzh1-qfgeqm-GET",
            "operation_name": null,
            "request_models": null,
            "request_parameters": {
              "method.request.querystring.booking-date-end": true,
              "method.request.querystring.booking-date-start": true,
              "method.request.querystring.booking-time-end": true,
              "method.request.querystring.booking-time-start": true
            },
            "request_validator_id": "cdzg2b",
            "resource_id": "qfgeqm",
            "rest_api_id": "1wmzb0hzh1"
          },
          "sensitive_attributes": [],
          "private": "bnVsbA==",
          "dependencies": [
            "aws_api_gateway_request_validator.twilio_support_api_validator",
            "aws_api_gateway_resource.twilio_support_api_resource_orders",
            "aws_api_gateway_resource.twilio_support_api_resource_vcs",
            "aws_api_gateway_rest_api.twilio_support_api"
          ],
          "create_before_destroy": true
        }
      ]
    },
    {
      "mode": "managed",
      "type": "aws_api_gateway_method_response",
      "name": "response_200",
      "provider": "provider[\"registry.terraform.io/hashicorp/aws\"]",
      "instances": [
        {
          "schema_version": 0,
          "attributes": {
            "http_method": "GET",
            "id": "agmr-1wmzb0hzh1-qfgeqm-GET-200",
            "resource_id": "qfgeqm",
            "response_models": null,
            "response_parameters": null,
            "rest_api_id": "1wmzb0hzh1",
            "status_code": "200"
          },
          "sensitive_attributes": [],
          "private": "bnVsbA==",
          "dependencies": [
            "aws_api_gateway_method.twilio_support_api_orders_method",
            "aws_api_gateway_request_validator.twilio_support_api_validator",
            "aws_api_gateway_resource.twilio_support_api_resource_orders",
            "aws_api_gateway_resource.twilio_support_api_resource_vcs",
            "aws_api_gateway_rest_api.twilio_support_api"
          ],
          "create_before_destroy": true
        }
      ]
    },
    {
      "mode": "managed",
      "type": "aws_api_gateway_method_response",
      "name": "response_500",
      "provider": "provider[\"registry.terraform.io/hashicorp/aws\"]",
      "instances": [
        {
          "schema_version": 0,
          "attributes": {
            "http_method": "GET",
            "id": "agmr-1wmzb0hzh1-qfgeqm-GET-500",
            "resource_id": "qfgeqm",
            "response_models": null,
            "response_parameters": null,
            "rest_api_id": "1wmzb0hzh1",
            "status_code": "500"
          },
          "sensitive_attributes": [],
          "private": "bnVsbA==",
          "dependencies": [
            "aws_api_gateway_method.twilio_support_api_orders_method",
            "aws_api_gateway_request_validator.twilio_support_api_validator",
            "aws_api_gateway_resource.twilio_support_api_resource_orders",
            "aws_api_gateway_resource.twilio_support_api_resource_vcs",
            "aws_api_gateway_rest_api.twilio_support_api"
          ]
        }
      ]
    },
    {
      "mode": "managed",
      "type": "aws_api_gateway_request_validator",
      "name": "twilio_support_api_validator",
      "provider": "provider[\"registry.terraform.io/hashicorp/aws\"]",
      "instances": [
        {
          "schema_version": 0,
          "attributes": {
            "id": "cdzg2b",
            "name": "Validator",
            "rest_api_id": "1wmzb0hzh1",
            "validate_request_body": false,
            "validate_request_parameters": true
          },
          "sensitive_attributes": [],
          "private": "bnVsbA==",
          "dependencies": [
            "aws_api_gateway_rest_api.twilio_support_api"
          ],
          "create_before_destroy": true
        }
      ]
    },
    {
      "mode": "managed",
      "type": "aws_api_gateway_resource",
      "name": "twilio_support_api_resource_orders",
      "provider": "provider[\"registry.terraform.io/hashicorp/aws\"]",
      "instances": [
        {
          "schema_version": 0,
          "attributes": {
            "id": "qfgeqm",
            "parent_id": "ypaklu",
            "path": "/vcs/orders",
            "path_part": "orders",
            "rest_api_id": "1wmzb0hzh1"
          },
          "sensitive_attributes": [],
          "private": "bnVsbA==",
          "dependencies": [
            "aws_api_gateway_resource.twilio_support_api_resource_vcs",
            "aws_api_gateway_rest_api.twilio_support_api"
          ],
          "create_before_destroy": true
        }
      ]
    },
    {
      "mode": "managed",
      "type": "aws_api_gateway_resource",
      "name": "twilio_support_api_resource_vcs",
      "provider": "provider[\"registry.terraform.io/hashicorp/aws\"]",
      "instances": [
        {
          "schema_version": 0,
          "attributes": {
            "id": "ypaklu",
            "parent_id": "mhdq8219pi",
            "path": "/vcs",
            "path_part": "vcs",
            "rest_api_id": "1wmzb0hzh1"
          },
          "sensitive_attributes": [],
          "private": "bnVsbA==",
          "dependencies": [
            "aws_api_gateway_rest_api.twilio_support_api"
          ],
          "create_before_destroy": true
        }
      ]
    },
    {
      "mode": "managed",
      "type": "aws_api_gateway_rest_api",
      "name": "twilio_support_api",
      "provider": "provider[\"registry.terraform.io/hashicorp/aws\"]",
      "instances": [
        {
          "schema_version": 0,
          "attributes": {
            "api_key_source": "HEADER",
            "arn": "arn:aws:apigateway:eu-west-1::/restapis/1wmzb0hzh1",
            "binary_media_types": [],
            "body": null,
            "created_date": "2022-10-17T12:57:55Z",
            "description": "Supports the Lapland Visitor Communication System.",
            "disable_execute_api_endpoint": false,
            "endpoint_configuration": [
              {
                "types": [
                  "EDGE"
                ],
                "vpc_endpoint_ids": []
              }
            ],
            "execution_arn": "arn:aws:execute-api:eu-west-1:870581623830:1wmzb0hzh1",
            "id": "1wmzb0hzh1",
            "minimum_compression_size": -1,
            "name": "Lapland Twilio Support API",
            "parameters": null,
            "policy": "",
            "put_rest_api_mode": null,
            "root_resource_id": "mhdq8219pi",
            "tags": null,
            "tags_all": {}
          },
          "sensitive_attributes": [],
          "private": "bnVsbA==",
          "create_before_destroy": true
        }
      ]
    },
    {
      "mode": "managed",
      "type": "aws_api_gateway_stage",
      "name": "twilio_support_api_stage",
      "provider": "provider[\"registry.terraform.io/hashicorp/aws\"]",
      "instances": [
        {
          "schema_version": 0,
          "attributes": {
            "access_log_settings": [],
            "arn": "arn:aws:apigateway:eu-west-1::/restapis/1wmzb0hzh1/stages/v1",
            "cache_cluster_enabled": false,
            "cache_cluster_size": "",
            "canary_settings": [],
            "client_certificate_id": "",
            "deployment_id": "z306ln",
            "description": "",
            "documentation_version": "",
            "execution_arn": "arn:aws:execute-api:eu-west-1:870581623830:1wmzb0hzh1/v1",
            "id": "ags-1wmzb0hzh1-v1",
            "invoke_url": "https://1wmzb0hzh1.execute-api.eu-west-1.amazonaws.com/v1",
            "rest_api_id": "1wmzb0hzh1",
            "stage_name": "v1",
            "tags": null,
            "tags_all": {},
            "variables": null,
            "web_acl_arn": "",
            "xray_tracing_enabled": false
          },
          "sensitive_attributes": [],
          "private": "bnVsbA==",
          "dependencies": [
            "aws_api_gateway_deployment.twilio_support_api_deployment",
            "aws_api_gateway_integration.twilio_support_api_orders_method_integration",
            "aws_api_gateway_integration_response.twilio_support_api_integration_response_200",
            "aws_api_gateway_method.twilio_support_api_orders_method",
            "aws_api_gateway_method_response.response_200",
            "aws_api_gateway_request_validator.twilio_support_api_validator",
            "aws_api_gateway_resource.twilio_support_api_resource_orders",
            "aws_api_gateway_resource.twilio_support_api_resource_vcs",
            "aws_api_gateway_rest_api.twilio_support_api"
          ]
        }
      ]
    },
    {
      "mode": "managed",
      "type": "aws_api_gateway_usage_plan",
      "name": "twilio_support_api_usage_plan",
      "provider": "provider[\"registry.terraform.io/hashicorp/aws\"]",
      "instances": [
        {
          "schema_version": 0,
          "attributes": {
            "api_stages": [
              {
                "api_id": "1wmzb0hzh1",
                "stage": "v1",
                "throttle": []
              }
            ],
            "arn": "arn:aws:apigateway:eu-west-1::/usageplans/x5baec",
            "description": "",
            "id": "x5baec",
            "name": "Lapland Twilio Support API Usage Plan",
            "product_code": "",
            "quota_settings": [
              {
                "limit": 1000,
                "offset": 0,
                "period": "DAY"
              }
            ],
            "tags": null,
            "tags_all": {},
            "throttle_settings": [
              {
                "burst_limit": 200,
                "rate_limit": 100
              }
            ]
          },
          "sensitive_attributes": [],
          "private": "bnVsbA==",
          "dependencies": [
            "aws_api_gateway_deployment.twilio_support_api_deployment",
            "aws_api_gateway_integration.twilio_support_api_orders_method_integration",
            "aws_api_gateway_integration_response.twilio_support_api_integration_response_200",
            "aws_api_gateway_method.twilio_support_api_orders_method",
            "aws_api_gateway_method_response.response_200",
            "aws_api_gateway_request_validator.twilio_support_api_validator",
            "aws_api_gateway_resource.twilio_support_api_resource_orders",
            "aws_api_gateway_resource.twilio_support_api_resource_vcs",
            "aws_api_gateway_rest_api.twilio_support_api",
            "aws_api_gateway_stage.twilio_support_api_stage"
          ]
        }
      ]
    }
  ],
  "check_results": []
}
