{
  "version": 4,
  "terraform_version": "1.3.6",
  "serial": 3,
  "lineage": "bb17d922-5110-6c24-7348-d3a56d44d4b3",
  "outputs": {},
  "resources": [
    {
      "module": "module.site-main",
      "mode": "data",
      "type": "template_file",
      "name": "bucket_policy",
      "provider": "provider[\"registry.terraform.io/hashicorp/template\"]",
      "instances": [
        {
          "schema_version": 0,
          "attributes": {
            "filename": null,
            "id": "390c4d7b70fb6234dbacedc68a57a305e56c142105a2cfb94ed6c6e352b15391",
            "rendered": "{\n  \"Version\": \"2012-10-17\",\n  \"Statement\": [\n    {\n      \"Sid\": \"PublicReadAccess\",\n      \"Principal\": {\n        \"AWS\": \"*\"\n      },\n      \"Effect\": \"Allow\",\n      \"Action\": [\n        \"s3:GetObject\"\n      ],\n      \"Resource\": \"arn:aws:s3:::lapland-prod-frontend-harmony/*\",\n      \"Condition\": {\n        \"StringEquals\": {\n          \"aws:UserAgent\": \"lapland-prod-frontend-harmony\"\n        }\n      }\n    }\n  ]\n}\n",
            "template": "{\n  \"Version\": \"2012-10-17\",\n  \"Statement\": [\n    {\n      \"Sid\": \"PublicReadAccess\",\n      \"Principal\": {\n        \"AWS\": \"*\"\n      },\n      \"Effect\": \"Allow\",\n      \"Action\": [\n        \"s3:GetObject\"\n      ],\n      \"Resource\": \"arn:aws:s3:::${bucket}/*\",\n      \"Condition\": {\n        \"StringEquals\": {\n          \"aws:UserAgent\": \"${secret}\"\n        }\n      }\n    }\n  ]\n}\n",
            "vars": {
              "bucket": "lapland-prod-frontend-harmony",
              "secret": "lapland-prod-frontend-harmony"
            }
          },
          "sensitive_attributes": []
        }
      ]
    },
    {
      "module": "module.site-main",
      "mode": "data",
      "type": "template_file",
      "name": "deployer_role_policy_file",
      "provider": "provider[\"registry.terraform.io/hashicorp/template\"]",
      "instances": [
        {
          "schema_version": 0,
          "attributes": {
            "filename": null,
            "id": "9ee7b58be7d9e39dc611741de869a9734da1030401fc523e2f8ab49a914df1b7",
            "rendered": "{\n  \"Version\": \"2012-10-17\",\n  \"Statement\": [\n    {\n      \"Action\": [\n        \"s3:ListBucket\"\n      ],\n      \"Effect\": \"Allow\",\n      \"Resource\": \"arn:aws:s3:::lapland-prod-frontend-harmony\"\n    },\n    {\n      \"Action\": [\n        \"s3:DeleteObject\",\n        \"s3:GetObject\",\n        \"s3:GetObjectAcl\",\n        \"s3:ListBucket\",\n        \"s3:PutObject\",\n        \"s3:PutObjectAcl\"\n      ],\n      \"Effect\": \"Allow\",\n      \"Resource\": \"arn:aws:s3:::lapland-prod-frontend-harmony/*\"\n    }\n  ]\n}\n",
            "template": "{\n  \"Version\": \"2012-10-17\",\n  \"Statement\": [\n    {\n      \"Action\": [\n        \"s3:ListBucket\"\n      ],\n      \"Effect\": \"Allow\",\n      \"Resource\": \"arn:aws:s3:::${bucket}\"\n    },\n    {\n      \"Action\": [\n        \"s3:DeleteObject\",\n        \"s3:GetObject\",\n        \"s3:GetObjectAcl\",\n        \"s3:ListBucket\",\n        \"s3:PutObject\",\n        \"s3:PutObjectAcl\"\n      ],\n      \"Effect\": \"Allow\",\n      \"Resource\": \"arn:aws:s3:::${bucket}/*\"\n    }\n  ]\n}\n",
            "vars": {
              "bucket": "lapland-prod-frontend-harmony"
            }
          },
          "sensitive_attributes": []
        }
      ]
    },
    {
      "module": "module.site-main",
      "mode": "managed",
      "type": "aws_cloudfront_distribution",
      "name": "website_cdn",
      "provider": "provider[\"registry.terraform.io/hashicorp/aws\"]",
      "instances": [
        {
          "schema_version": 1,
          "attributes": {
            "aliases": [
              "harmony.lapland.ticknovate.com"
            ],
            "arn": "arn:aws:cloudfront::870581623830:distribution/ELFPFSL5M78DH",
            "caller_reference": "terraform-20220921082138226600000001",
            "comment": null,
            "custom_error_response": [
              {
                "error_caching_min_ttl": 360,
                "error_code": 404,
                "response_code": 200,
                "response_page_path": "/index.html"
              }
            ],
            "default_cache_behavior": [
              {
                "allowed_methods": [
                  "DELETE",
                  "GET",
                  "HEAD",
                  "OPTIONS",
                  "PATCH",
                  "POST",
                  "PUT"
                ],
                "cache_policy_id": "",
                "cached_methods": [
                  "GET",
                  "HEAD"
                ],
                "compress": true,
                "default_ttl": 300,
                "field_level_encryption_id": "",
                "forwarded_values": [
                  {
                    "cookies": [
                      {
                        "forward": "none",
                        "whitelisted_names": []
                      }
                    ],
                    "headers": [],
                    "query_string": false,
                    "query_string_cache_keys": []
                  }
                ],
                "function_association": [],
                "lambda_function_association": [],
                "max_ttl": 1200,
                "min_ttl": 0,
                "origin_request_policy_id": "",
                "realtime_log_config_arn": "",
                "response_headers_policy_id": "",
                "smooth_streaming": false,
                "target_origin_id": "origin-bucket-lapland-prod-frontend-harmony",
                "trusted_key_groups": [],
                "trusted_signers": [],
                "viewer_protocol_policy": "redirect-to-https"
              }
            ],
            "default_root_object": "index.html",
            "domain_name": "d4u85nkpwfx2i.cloudfront.net",
            "enabled": true,
            "etag": "E11ZLAXW7Q23O8",
            "hosted_zone_id": "Z2FDTNDATAQYW2",
            "http_version": "http2",
            "id": "ELFPFSL5M78DH",
            "in_progress_validation_batches": 0,
            "is_ipv6_enabled": false,
            "last_modified_time": "2022-09-21 08:21:38.727 +0000 UTC",
            "logging_config": [],
            "ordered_cache_behavior": [],
            "origin": [
              {
                "connection_attempts": 3,
                "connection_timeout": 10,
                "custom_header": [
                  {
                    "name": "User-Agent",
                    "value": "lapland-prod-frontend-harmony"
                  }
                ],
                "custom_origin_config": [
                  {
                    "http_port": 80,
                    "https_port": 443,
                    "origin_keepalive_timeout": 5,
                    "origin_protocol_policy": "http-only",
                    "origin_read_timeout": 30,
                    "origin_ssl_protocols": [
                      "TLSv1"
                    ]
                  }
                ],
                "domain_name": "lapland-prod-frontend-harmony.s3-website-eu-west-1.amazonaws.com",
                "origin_access_control_id": "",
                "origin_id": "origin-bucket-lapland-prod-frontend-harmony",
                "origin_path": "",
                "origin_shield": [],
                "s3_origin_config": []
              }
            ],
            "origin_group": [],
            "price_class": "PriceClass_100",
            "restrictions": [
              {
                "geo_restriction": [
                  {
                    "locations": [],
                    "restriction_type": "none"
                  }
                ]
              }
            ],
            "retain_on_delete": false,
            "status": "Deployed",
            "tags": {
              "domain": "harmony.lapland.ticknovate.com"
            },
            "tags_all": {
              "domain": "harmony.lapland.ticknovate.com"
            },
            "trusted_key_groups": [
              {
                "enabled": false,
                "items": []
              }
            ],
            "trusted_signers": [
              {
                "enabled": false,
                "items": []
              }
            ],
            "viewer_certificate": [
              {
                "acm_certificate_arn": "arn:aws:acm:us-east-1:870581623830:certificate/4eee01da-1b10-4a48-a7b5-af61e83a17dc",
                "cloudfront_default_certificate": false,
                "iam_certificate_id": "",
                "minimum_protocol_version": "TLSv1",
                "ssl_support_method": "sni-only"
              }
            ],
            "wait_for_deployment": true,
            "web_acl_id": ""
          },
          "sensitive_attributes": [],
          "private": "eyJzY2hlbWFfdmVyc2lvbiI6IjEifQ==",
          "dependencies": [
            "module.site-main.aws_s3_bucket.website_bucket",
            "module.site-main.data.template_file.bucket_policy"
          ]
        }
      ]
    },
    {
      "module": "module.site-main",
      "mode": "managed",
      "type": "aws_s3_bucket",
      "name": "website_bucket",
      "provider": "provider[\"registry.terraform.io/hashicorp/aws\"]",
      "instances": [
        {
          "schema_version": 0,
          "attributes": {
            "acceleration_status": "",
            "acl": null,
            "arn": "arn:aws:s3:::lapland-prod-frontend-harmony",
            "bucket": "lapland-prod-frontend-harmony",
            "bucket_domain_name": "lapland-prod-frontend-harmony.s3.amazonaws.com",
            "bucket_prefix": null,
            "bucket_regional_domain_name": "lapland-prod-frontend-harmony.s3.eu-west-1.amazonaws.com",
            "cors_rule": [],
            "force_destroy": false,
            "grant": [
              {
                "id": "3626109c37cade99f9126095d214405079347cec4f107d0a3a8882337b73f527",
                "permissions": [
                  "FULL_CONTROL"
                ],
                "type": "CanonicalUser",
                "uri": ""
              }
            ],
            "hosted_zone_id": "Z1BKCTXD74EZPE",
            "id": "lapland-prod-frontend-harmony",
            "lifecycle_rule": [],
            "logging": [],
            "object_lock_configuration": [],
            "object_lock_enabled": false,
            "policy": "{\"Version\":\"2012-10-17\",\"Statement\":[{\"Sid\":\"PublicReadAccess\",\"Effect\":\"Allow\",\"Principal\":{\"AWS\":\"*\"},\"Action\":\"s3:GetObject\",\"Resource\":\"arn:aws:s3:::lapland-prod-frontend-harmony/*\",\"Condition\":{\"StringEquals\":{\"aws:UserAgent\":\"lapland-prod-frontend-harmony\"}}}]}",
            "region": "eu-west-1",
            "replication_configuration": [],
            "request_payer": "BucketOwner",
            "server_side_encryption_configuration": [],
            "tags": {
              "domain": "harmony.lapland.ticknovate.com"
            },
            "tags_all": {
              "domain": "harmony.lapland.ticknovate.com"
            },
            "timeouts": null,
            "versioning": [
              {
                "enabled": false,
                "mfa_delete": false
              }
            ],
            "website": [
              {
                "error_document": "404.html",
                "index_document": "index.html",
                "redirect_all_requests_to": "",
                "routing_rules": ""
              }
            ],
            "website_domain": "s3-website-eu-west-1.amazonaws.com",
            "website_endpoint": "lapland-prod-frontend-harmony.s3-website-eu-west-1.amazonaws.com"
          },
          "sensitive_attributes": [],
          "private": "eyJlMmJmYjczMC1lY2FhLTExZTYtOGY4OC0zNDM2M2JjN2M0YzAiOnsiY3JlYXRlIjoxMjAwMDAwMDAwMDAwLCJkZWxldGUiOjM2MDAwMDAwMDAwMDAsInJlYWQiOjEyMDAwMDAwMDAwMDAsInVwZGF0ZSI6MTIwMDAwMDAwMDAwMH19",
          "dependencies": [
            "module.site-main.data.template_file.bucket_policy"
          ]
        }
      ]
    }
  ],
  "check_results": null
}
